{
  "lockfile_version": "1",
  "packages": {
    "git@latest": {
      "last_modified": "2026-04-08T09:18:10Z",
      "resolved": "github:NixOS/nixpkgs/456e8a9468b9d46bd8c9524425026c00745bc4d2#git",
      "source": "devbox-search",
      "version": "2.53.0",
      "systems": {
        "aarch64-darwin": {
          "outputs": [
            {
              "name": "out",
              "path": "/nix/store/6qbj40r0s289k5slmy8yna5x2hfz01wg-git-2.53.0",
              "default": true
            },
            {
              "name": "doc",
              "path": "/nix/store/xp9w7bcl4c78268kn82qdayqglj0zdxa-git-2.53.0-doc"
            }
          ],
          "store_path": "/nix/store/6qbj40r0s289k5slmy8yna5x2hfz01wg-git-2.53.0"
        },
        "aarch64-linux": {
          "outputs": [
            {
              "name": "out",
              "path": "/nix/store/0vbb6j0ppx1w8cw28h7w8s2dzla9j3m6-git-2.53.0",
              "default": true
            },
            {
              "name": "debug",
              "path": "/nix/store/gaj4q67pid2pcy9nvh2ysv4728wxj5m4-git-2.53.0-debug"
            },
            {
              "name": "doc",
              "path": "/nix/store/9mrg9g0w2b4cfdppq3n4zvhkvyixvqpx-git-2.53.0-doc"
            }
          ],
          "store_path": "/nix/store/0vbb6j0ppx1w8cw28h7w8s2dzla9j3m6-git-2.53.0"
        },
        "x86_64-darwin": {
          "outputs": [
            {
              "name": "out",
              "path": "/nix/store/2q2hzaclp1rsj65h21lng7wa26vawhnq-git-2.53.0",
              "default": true
            },
            {
              "name": "doc",
              "path": "/nix/store/yi2mi426la2x7rggv0a0ah11s2dangz4-git-2.53.0-doc"
            }
          ],
          "store_path": "/nix/store/2q2hzaclp1rsj65h21lng7wa26vawhnq-git-2.53.0"
        },
        "x86_64-linux": {
          "outputs": [
            {
              "name": "out",
              "path": "/nix/store/7yvcckar1lzhqnr0xx2n19nsdjd4qa4d-git-2.53.0",
              "default": true
            },
            {
              "name": "debug",
              "path": "/nix/store/9xs1n97fsdbgnk8cxbdx3hqlz6fdaynb-git-2.53.0-debug"
            },
            {
              "name": "doc",
              "path": "/nix/store/rv7cz5lz1qmbdnh3zrpv0j0wa5ivaacq-git-2.53.0-doc"
            }
          ],
          "store_path": "/nix/store/7yvcckar1lzhqnr0xx2n19nsdjd4qa4d-git-2.53.0"
        }
      }
    },
    "github:NixOS/nixpkgs/nixpkgs-unstable": {
      "last_modified": "2026-04-11T06:17:25Z",
      "resolved": "github:NixOS/nixpkgs/13043924aaa7375ce482ebe2494338e058282925?lastModified=1775888245&narHash=sha256-nwASzrRDD1JBEu%2Fo8ekKYEXm%2FoJW6EMCzCRdrwcLe90%3D"
    },
    "go-task@latest": {
      "last_modified": "2026-03-21T07:29:51Z",
      "resolved": "github:NixOS/nixpkgs/09061f748ee21f68a089cd5d91ec1859cd93d0be#go-task",
      "source": "devbox-search",
      "version": "3.48.0",
      "systems": {
        "aarch64-darwin": {
          "outputs": [
            {
              "name": "out",
              "path": "/nix/store/sab4xhgi6cs6rnxsx33dxqg2zcir52rm-go-task-3.48.0",
              "default": true
            }
          ],
          "store_path": "/nix/store/sab4xhgi6cs6rnxsx33dxqg2zcir52rm-go-task-3.48.0"
        },
        "aarch64-linux": {
          "outputs": [
            {
              "name": "out",
              "path": "/nix/store/cidnjfhcp1qyxjih6qaa61hfyxy5k5ap-go-task-3.48.0",
              "default": true
            }
          ],
          "store_path": "/nix/store/cidnjfhcp1qyxjih6qaa61hfyxy5k5ap-go-task-3.48.0"
        },
        "x86_64-darwin": {
          "outputs": [
            {
              "name": "out",
              "path": "/nix/store/nxbwqrg7jx4l16q1c37kr510cv0cz1cw-go-task-3.48.0",
              "default": true
            }
          ],
          "store_path": "/nix/store/nxbwqrg7jx4l16q1c37kr510cv0cz1cw-go-task-3.48.0"
        },
        "x86_64-linux": {
          "outputs": [
            {
              "name": "out",
              "path": "/nix/store/qxs1p264gzz3nficzss2nsp7fs5cdi31-go-task-3.48.0",
              "default": true
            }
          ],
          "store_path": "/nix/store/qxs1p264gzz3nficzss2nsp7fs5cdi31-go-task-3.48.0"
        }
      }
    },
    "jq@latest": {
      "last_modified": "2026-04-09T19:38:50Z",
      "resolved": "github:NixOS/nixpkgs/b0188973b4b2a5b6bdba8b65381d6cd09a533da0#jq",
      "source": "devbox-search",
      "version": "1.8.1",
      "systems": {
        "aarch64-darwin": {
          "outputs": [
            {
              "name": "bin",
              "path": "/nix/store/bb450vb2gl547zwba8sihcyilsg2rqfa-jq-1.8.1-bin",
              "default": true
            },
            {
              "name": "man",
              "path": "/nix/store/vs96fwfhd5gjycxs5yc58wkrizscww92-jq-1.8.1-man",
              "default": true
            },
            {
              "name": "dev",
              "path": "/nix/store/irxgyhi0rq34f2y721a26ii09nynq2ha-jq-1.8.1-dev"
            },
            {
              "name": "doc",
              "path": "/nix/store/rnkk37licxmcicz44sm368bk2fsrk52j-jq-1.8.1-doc"
            },
            {
              "name": "out",
              "path": "/nix/store/y4gq3lbz2nq75cl3v28ixrqrr90pk4lf-jq-1.8.1"
            }
          ],
          "store_path": "/nix/store/bb450vb2gl547zwba8sihcyilsg2rqfa-jq-1.8.1-bin"
        },
        "aarch64-linux": {
          "outputs": [
            {
              "name": "bin",
              "path": "/nix/store/h68aklwk28xbrg7pqaw078w1hvvvf419-jq-1.8.1-bin",
              "default": true
            },
            {
              "name": "man",
              "path": "/nix/store/l4npc0sgk51lz2d6jqnl4r18hmn6qckr-jq-1.8.1-man",
              "default": true
            },
            {
              "name": "out",
              "path": "/nix/store/5jf55qkwrnd769ri9wxiy7z9kp5zb4ca-jq-1.8.1"
            },
            {
              "name": "dev",
              "path": "/nix/store/kzsszlf69lndqilpgysw1j9b4hrfwjfx-jq-1.8.1-dev"
            },
            {
              "name": "doc",
              "path": "/nix/store/rr0a4brsd47393640zn9zgw844rbkrsl-jq-1.8.1-doc"
            }
          ],
          "store_path": "/nix/store/h68aklwk28xbrg7pqaw078w1hvvvf419-jq-1.8.1-bin"
        },
        "x86_64-darwin": {
          "outputs": [
            {
              "name": "bin",
              "path": "/nix/store/y699jyfkqhj7lm51zdxm1df28izg6zgj-jq-1.8.1-bin",
              "default": true
            },
            {
              "name": "man",
              "path": "/nix/store/0h261wdn6mlrn564adwhyw52a2dfnbg5-jq-1.8.1-man",
              "default": true
            },
            {
              "name": "out",
              "path": "/nix/store/44i56yshwqwgw912idz0m9zx30d1xg8z-jq-1.8.1"
            },
            {
              "name": "dev",
              "path": "/nix/store/681w0vijzacwyhcwylkvbppd4kps33fw-jq-1.8.1-dev"
            },
            {
              "name": "doc",
              "path": "/nix/store/2bvvha8apma6crzhsnpjrghnjbjj6hpm-jq-1.8.1-doc"
            }
          ],
          "store_path": "/nix/store/y699jyfkqhj7lm51zdxm1df28izg6zgj-jq-1.8.1-bin"
        },
        "x86_64-linux": {
          "outputs": [
            {
              "name": "bin",
              "path": "/nix/store/fc13hvlj7541i1xmwdka7f61qicdzr5a-jq-1.8.1-bin",
              "default": true
            },
            {
              "name": "man",
              "path": "/nix/store/crwv17pim6csnfr4jmsd7kf60sp3c5dh-jq-1.8.1-man",
              "default": true
            },
            {
              "name": "dev",
              "path": "/nix/store/plinh1rzkh83n4gfpkxl748zgaydpxll-jq-1.8.1-dev"
            },
            {
              "name": "doc",
              "path": "/nix/store/ihgrvb9w91mwbhxx3fi3gcwwx3qlsdfv-jq-1.8.1-doc"
            },
            {
              "name": "out",
              "path": "/nix/store/s4w1j16dj8wyriv1ljfypr9s1r39yjwp-jq-1.8.1"
            }
          ],
          "store_path": "/nix/store/fc13hvlj7541i1xmwdka7f61qicdzr5a-jq-1.8.1-bin"
        }
      }
    },
    "nodejs_20@latest": {
      "last_modified": "2026-03-27T11:17:38Z",
      "plugin_version": "0.0.2",
      "resolved": "github:NixOS/nixpkgs/832efc09b4caf6b4569fbf9dc01bec3082a00611#nodejs_20",
      "source": "devbox-search",
      "version": "20.20.2",
      "systems": {
        "aarch64-darwin": {
          "outputs": [
            {
              "name": "out",
              "path": "/nix/store/vamh3ysrfc0qz2mdhh6klyi5ngaffl0q-nodejs-20.20.2",
              "default": true
            }
          ],
          "store_path": "/nix/store/vamh3ysrfc0qz2mdhh6klyi5ngaffl0q-nodejs-20.20.2"
        },
        "aarch64-linux": {
          "outputs": [
            {
              "name": "out",
              "path": "/nix/store/b1i1izsybrhzifbrr84nbmw62fl07ia2-nodejs-20.20.2",
              "default": true
            }
          ],
          "store_path": "/nix/store/b1i1izsybrhzifbrr84nbmw62fl07ia2-nodejs-20.20.2"
        },
        "x86_64-darwin": {
          "outputs": [
            {
              "name": "out",
              "path": "/nix/store/yg5qivw8g8gxpc536kwc0fg73nviiv9l-nodejs-20.20.2",
              "default": true
            }
          ],
          "store_path": "/nix/store/yg5qivw8g8gxpc536kwc0fg73nviiv9l-nodejs-20.20.2"
        },
        "x86_64-linux": {
          "outputs": [
            {
              "name": "out",
              "path": "/nix/store/1gw2r0h59vr5dzcilhg1xvzjqgn84f8b-nodejs-20.20.2",
              "default": true
            }
          ],
          "store_path": "/nix/store/1gw2r0h59vr5dzcilhg1xvzjqgn84f8b-nodejs-20.20.2"
        }
      }
    },
    "python3@latest": {
      "last_modified": "2025-01-06T03:40:18Z",
      "plugin_version": "0.0.4",
      "resolved": "github:NixOS/nixpkgs/3df3c47c19dc90fec35359e89ffb52b34d2b0e94#python3",
      "source": "devbox-search",
      "version": "3.12.8",
      "systems": {
        "aarch64-darwin": {
          "outputs": [
            {
              "name": "out",
              "path": "/nix/store/8zc3wcplydp8gsxms24scpzdca438dk5-python3-3.12.8",
              "default": true
            }
          ],
          "store_path": "/nix/store/8zc3wcplydp8gsxms24scpzdca438dk5-python3-3.12.8"
        },
        "aarch64-linux": {
          "outputs": [
            {
              "name": "out",
              "path": "/nix/store/66pn6ysmvx675061xaq2vz93s9vdc5p4-python3-3.12.8",
              "default": true
            },
            {
              "name": "debug",
              "path": "/nix/store/brcg3a34fi45ffky63g5pqd22sksvq13-python3-3.12.8-debug"
            }
          ],
          "store_path": "/nix/store/66pn6ysmvx675061xaq2vz93s9vdc5p4-python3-3.12.8"
        },
        "x86_64-darwin": {
          "outputs": [
            {
              "name": "out",
              "path": "/nix/store/fpmkmdzgd1q7kqadc7czcjdhjj7bsc0i-python3-3.12.8",
              "default": true
            }
          ],
          "store_path": "/nix/store/fpmkmdzgd1q7kqadc7czcjdhjj7bsc0i-python3-3.12.8"
        },
        "x86_64-linux": {
          "outputs": [
            {
              "name": "out",
              "path": "/nix/store/c9m6yd8fg1flz2j5r4bif1ib5j20a0cy-python3-3.12.8",
              "default": true
            },
            {
              "name": "debug",
              "path": "/nix/store/cicfrcjr8pky8qd0gxw0x84ynyviy6b5-python3-3.12.8-debug"
            }
          ],
          "store_path": "/nix/store/c9m6yd8fg1flz2j5r4bif1ib5j20a0cy-python3-3.12.8"
        }
      }
    },
    "uv@latest": {
      "last_modified": "2026-04-10T12:25:30Z",
      "resolved": "github:NixOS/nixpkgs/8c11f88bb9573a10a7d6bf87161ef08455ac70b9#uv",
      "source": "devbox-search",
      "version": "0.11.6",
      "systems": {
        "aarch64-darwin": {
          "outputs": [
            {
              "name": "out",
              "path": "/nix/store/zdzic2r18b2pqh17bqxpwggqk1x1nmx7-uv-0.11.6",
              "default": true
            }
          ],
          "store_path": "/nix/store/zdzic2r18b2pqh17bqxpwggqk1x1nmx7-uv-0.11.6"
        },
        "aarch64-linux": {
          "outputs": [
            {
              "name": "out",
              "path": "/nix/store/z93fi73n86180df4jcvi1y8mcfd5xsmf-uv-0.11.6",
              "default": true
            }
          ],
          "store_path": "/nix/store/z93fi73n86180df4jcvi1y8mcfd5xsmf-uv-0.11.6"
        },
        "x86_64-darwin": {
          "outputs": [
            {
              "name": "out",
              "path": "/nix/store/p6ka0gwq69niqdqvjifbsdn0mkc8rrxb-uv-0.11.6",
              "default": true
            }
          ],
          "store_path": "/nix/store/p6ka0gwq69niqdqvjifbsdn0mkc8rrxb-uv-0.11.6"
        },
        "x86_64-linux": {
          "outputs": [
            {
              "name": "out",
              "path": "/nix/store/qgbhgbql7ckxzr77mja2vk5j4w0wr9zz-uv-0.11.6",
              "default": true
            }
          ],
          "store_path": "/nix/store/qgbhgbql7ckxzr77mja2vk5j4w0wr9zz-uv-0.11.6"
        }
      }
    },
    "yq@latest": {
      "last_modified": "2026-03-21T07:29:51Z",
      "resolved": "github:NixOS/nixpkgs/09061f748ee21f68a089cd5d91ec1859cd93d0be#yq",
      "source": "devbox-search",
      "version": "3.4.3",
      "systems": {
        "aarch64-darwin": {
          "outputs": [
            {
              "name": "out",
              "path": "/nix/store/8p6fw71222d730dkdjvjp17ab9hrq466-python3.13-yq-3.4.3",
              "default": true
            },
            {
              "name": "dist",
              "path": "/nix/store/p8awrk5bmyi5jkxnyz237rq8z42bchar-python3.13-yq-3.4.3-dist"
            }
          ],
          "store_path": "/nix/store/8p6fw71222d730dkdjvjp17ab9hrq466-python3.13-yq-3.4.3"
        },
        "aarch64-linux": {
          "outputs": [
            {
              "name": "out",
              "path": "/nix/store/ric7npvm1igns3jvfbn6w0n8xfxcf2f3-python3.13-yq-3.4.3",
              "default": true
            },
            {
              "name": "dist",
              "path": "/nix/store/hr960lapix8km6a0ywgcpsl2w03h4ss9-python3.13-yq-3.4.3-dist"
            }
          ],
          "store_path": "/nix/store/ric7npvm1igns3jvfbn6w0n8xfxcf2f3-python3.13-yq-3.4.3"
        },
        "x86_64-darwin": {
          "outputs": [
            {
              "name": "out",
              "path": "/nix/store/isc6nca4pfdnv5s1bqr6gbs7kmx947f2-python3.13-yq-3.4.3",
              "default": true
            },
            {
              "name": "dist",
              "path": "/nix/store/qp976mn0ahcdfdzvyvg8pd8y2r8973cr-python3.13-yq-3.4.3-dist"
            }
          ],
          "store_path": "/nix/store/isc6nca4pfdnv5s1bqr6gbs7kmx947f2-python3.13-yq-3.4.3"
        },
        "x86_64-linux": {
          "outputs": [
            {
              "name": "out",
              "path": "/nix/store/ds88l6b47h9r5g10c0q83damcrjn629j-python3.13-yq-3.4.3",
              "default": true
            },
            {
              "name": "dist",
              "path": "/nix/store/n15avq96k2pk2fq4vn3ncr3c7qp0g9s5-python3.13-yq-3.4.3-dist"
            }
          ],
          "store_path": "/nix/store/ds88l6b47h9r5g10c0q83damcrjn629j-python3.13-yq-3.4.3"
        }
      }
    }
  }
}
