{
  "lockfile_version": "1",
  "packages": {
    "curl": {
      "resolved": "github:NixOS/nixpkgs/13043924aaa7375ce482ebe2494338e058282925?narHash=sha256-nwASzrRDD1JBEu%2Fo8ekKYEXm%2FoJW6EMCzCRdrwcLe90%3D#curl",
      "source": "nixpkg"
    },
    "gcc": {
      "resolved": "github:NixOS/nixpkgs/13043924aaa7375ce482ebe2494338e058282925?narHash=sha256-nwASzrRDD1JBEu%2Fo8ekKYEXm%2FoJW6EMCzCRdrwcLe90%3D#gcc",
      "source": "nixpkg"
    },
    "git": {
      "resolved": "github:NixOS/nixpkgs/13043924aaa7375ce482ebe2494338e058282925?narHash=sha256-nwASzrRDD1JBEu%2Fo8ekKYEXm%2FoJW6EMCzCRdrwcLe90%3D#git",
      "source": "nixpkg"
    },
    "github:NixOS/nixpkgs/nixpkgs-unstable": {
      "last_modified": "2026-04-11T06:17:25Z",
      "resolved": "github:NixOS/nixpkgs/13043924aaa7375ce482ebe2494338e058282925?lastModified=1775888245&narHash=sha256-nwASzrRDD1JBEu%2Fo8ekKYEXm%2FoJW6EMCzCRdrwcLe90%3D"
    },
    "gnumake": {
      "resolved": "github:NixOS/nixpkgs/13043924aaa7375ce482ebe2494338e058282925?narHash=sha256-nwASzrRDD1JBEu%2Fo8ekKYEXm%2FoJW6EMCzCRdrwcLe90%3D#gnumake",
      "source": "nixpkg"
    },
    "go-task": {
      "resolved": "github:NixOS/nixpkgs/13043924aaa7375ce482ebe2494338e058282925?narHash=sha256-nwASzrRDD1JBEu%2Fo8ekKYEXm%2FoJW6EMCzCRdrwcLe90%3D#go-task",
      "source": "nixpkg"
    },
    "htop": {
      "resolved": "github:NixOS/nixpkgs/13043924aaa7375ce482ebe2494338e058282925?narHash=sha256-nwASzrRDD1JBEu%2Fo8ekKYEXm%2FoJW6EMCzCRdrwcLe90%3D#htop",
      "source": "nixpkg"
    },
    "jq": {
      "resolved": "github:NixOS/nixpkgs/13043924aaa7375ce482ebe2494338e058282925?narHash=sha256-nwASzrRDD1JBEu%2Fo8ekKYEXm%2FoJW6EMCzCRdrwcLe90%3D#jq",
      "source": "nixpkg"
    },
    "nodejs_20": {
      "plugin_version": "0.0.2",
      "resolved": "github:NixOS/nixpkgs/13043924aaa7375ce482ebe2494338e058282925?narHash=sha256-nwASzrRDD1JBEu%2Fo8ekKYEXm%2FoJW6EMCzCRdrwcLe90%3D#nodejs_20",
      "source": "nixpkg"
    },
    "python3": {
      "plugin_version": "0.0.4",
      "resolved": "github:NixOS/nixpkgs/13043924aaa7375ce482ebe2494338e058282925?narHash=sha256-nwASzrRDD1JBEu%2Fo8ekKYEXm%2FoJW6EMCzCRdrwcLe90%3D#python3",
      "source": "nixpkg"
    },
    "tmux": {
      "resolved": "github:NixOS/nixpkgs/13043924aaa7375ce482ebe2494338e058282925?narHash=sha256-nwASzrRDD1JBEu%2Fo8ekKYEXm%2FoJW6EMCzCRdrwcLe90%3D#tmux",
      "source": "nixpkg"
    }
  }
}
